// !$*UTF8*$!
{
	archiveVersion = 1;
	classes = {
	};
	objectVersion = 77;
	objects = {

/* Begin PBXBuildFile section */
		55B0AFF32F9F678E006E43AF /* FeatureMyPage in Frameworks */ = {isa = PBXBuildFile; productRef = 55B0AFF22F9F678E006E43AF /* FeatureMyPage */; };
/* End PBXBuildFile section */

/* Begin PBXContainerItemProxy section */
		55B0AFDF2F9F675F006E43AF /* PBXContainerItemProxy */ = {
			isa = PBXContainerItemProxy;
			containerPortal = 55B0AFBF2F9F675E006E43AF /* Project object */;
			proxyType = 1;
			remoteGlobalIDString = 55B0AFC62F9F675E006E43AF;
			remoteInfo = FeatureMyPageCI;
		};
/* End PBXContainerItemProxy section */

/* Begin PBXFileReference section */
		55B0AFC72F9F675E006E43AF /* FeatureMyPageCI.app */ = {isa = PBXFileReference; explicitFileType = wrapper.application; includeInIndex = 0; path = FeatureMyPageCI.app; sourceTree = BUILT_PRODUCTS_DIR; };
		55B0AFD42F9F675F006E43AF /* FeatureMyPageCITests.xctest */ = {isa = PBXFileReference; explicitFileType = wrapper.cfbundle; includeInIndex = 0; path = FeatureMyPageCITests.xctest; sourceTree = BUILT_PRODUCTS_DIR; };
		55B0AFDE2F9F675F006E43AF /* FeatureMyPageCIUITests.xctest */ = {isa = PBXFileReference; explicitFileType = wrapper.cfbundle; includeInIndex = 0; path = FeatureMyPageCIUITests.xctest; sourceTree = BUILT_PRODUCTS_DIR; };
		55B0AFF72F9F67C5006E43AF /* FeatureMyPageCI.xctestplan */ = {isa = PBXFileReference; lastKnownFileType = file; path = FeatureMyPageCI.xctestplan; sourceTree = "<group>"; };
/* End PBXFileReference section */

/* Begin PBXFileSystemSynchronizedRootGroup section */
		55B0AFF52F9F67A2006E43AF /* FeatureMyPageTests */ = {
			isa = PBXFileSystemSynchronizedRootGroup;
			name = FeatureMyPageTests;
			path = ../Tests/FeatureMyPageTests;
			sourceTree = SOURCE_ROOT;
		};
/* End PBXFileSystemSynchronizedRootGroup section */

/* Begin PBXFrameworksBuildPhase section */
		55B0AFC42F9F675E006E43AF /* Frameworks */ = {
			isa = PBXFrameworksBuildPhase;
			buildActionMask = 2147483647;
			files = (
			);
			runOnlyForDeploymentPostprocessing = 0;
		};
		55B0AFD12F9F675F006E43AF /* Frameworks */ = {
			isa = PBXFrameworksBuildPhase;
			buildActionMask = 2147483647;
			files = (
				55B0AFF32F9F678E006E43AF /* FeatureMyPage in Frameworks */,
			);
			runOnlyForDeploymentPostprocessing = 0;
		};
		55B0AFDB2F9F675F006E43AF /* Frameworks */ = {
			isa = PBXFrameworksBuildPhase;
			buildActionMask = 2147483647;
			files = (
			);
			runOnlyForDeploymentPostprocessing = 0;
		};
/* End PBXFrameworksBuildPhase section */

/* Begin PBXGroup section */
		55B0AFBE2F9F675E006E43AF = {
			isa = PBXGroup;
			children = (
				55B0AFF72F9F67C5006E43AF /* FeatureMyPageCI.xctestplan */,
				55B0AFF52F9F67A2006E43AF /* FeatureMyPageTests */,
				55B0AFC82F9F675E006E43AF /* Products */,
			);
			sourceTree = "<group>";
		};
		55B0AFC82F9F675E006E43AF /* Products */ = {
			isa = PBXGroup;
			children = (
				55B0AFC72F9F675E006E43AF /* FeatureMyPageCI.app */,
				55B0AFD42F9F675F006E43AF /* FeatureMyPageCITests.xctest */,
				55B0AFDE2F9F675F006E43AF /* FeatureMyPageCIUITests.xctest */,
			);
			name = Products;
			sourceTree = "<group>";
		};
/* End PBXGroup section */

/* Begin PBXNativeTarget section */
		55B0AFC62F9F675E006E43AF /* FeatureMyPageCI */ = {
			isa = PBXNativeTarget;
			buildConfigurationList = 55B0AFE82F9F675F006E43AF /* Build configuration list for PBXNativeTarget "FeatureMyPageCI" */;
			buildPhases = (
				55B0AFC32F9F675E006E43AF /* Sources */,
				55B0AFC42F9F675E006E43AF /* Frameworks */,
				55B0AFC52F9F675E006E43AF /* Resources */,
			);
			buildRules = (
			);
			dependencies = (
			);
			name = FeatureMyPageCI;
			packageProductDependencies = (
			);
			productName = FeatureMyPageCI;
			productReference = 55B0AFC72F9F675E006E43AF /* FeatureMyPageCI.app */;
			productType = "com.apple.product-type.application";
		};
		55B0AFD32F9F675F006E43AF /* FeatureMyPageCITests */ = {
			isa = PBXNativeTarget;
			buildConfigurationList = 55B0AFEB2F9F675F006E43AF /* Build configuration list for PBXNativeTarget "FeatureMyPageCITests" */;
			buildPhases = (
				55B0AFD02F9F675F006E43AF /* Sources */,
				55B0AFD12F9F675F006E43AF /* Frameworks */,
				55B0AFD22F9F675F006E43AF /* Resources */,
			);
			buildRules = (
			);
			dependencies = (
			);
			fileSystemSynchronizedGroups = (
				55B0AFF52F9F67A2006E43AF /* FeatureMyPageTests */,
			);
			name = FeatureMyPageCITests;
			packageProductDependencies = (
				55B0AFF22F9F678E006E43AF /* FeatureMyPage */,
			);
			productName = FeatureMyPageCITests;
			productReference = 55B0AFD42F9F675F006E43AF /* FeatureMyPageCITests.xctest */;
			productType = "com.apple.product-type.bundle.unit-test";
		};
		55B0AFDD2F9F675F006E43AF /* FeatureMyPageCIUITests */ = {
			isa = PBXNativeTarget;
			buildConfigurationList = 55B0AFEE2F9F675F006E43AF /* Build configuration list for PBXNativeTarget "FeatureMyPageCIUITests" */;
			buildPhases = (
				55B0AFDA2F9F675F006E43AF /* Sources */,
				55B0AFDB2F9F675F006E43AF /* Frameworks */,
				55B0AFDC2F9F675F006E43AF /* Resources */,
			);
			buildRules = (
			);
			dependencies = (
				55B0AFE02F9F675F006E43AF /* PBXTargetDependency */,
			);
			name = FeatureMyPageCIUITests;
			packageProductDependencies = (
			);
			productName = FeatureMyPageCIUITests;
			productReference = 55B0AFDE2F9F675F006E43AF /* FeatureMyPageCIUITests.xctest */;
			productType = "com.apple.product-type.bundle.ui-testing";
		};
/* End PBXNativeTarget section */

/* Begin PBXProject section */
		55B0AFBF2F9F675E006E43AF /* Project object */ = {
			isa = PBXProject;
			attributes = {
				BuildIndependentTargetsInParallel = 1;
				LastSwiftUpdateCheck = 2630;
				LastUpgradeCheck = 2630;
				TargetAttributes = {
					55B0AFC62F9F675E006E43AF = {
						CreatedOnToolsVersion = 26.3;
					};
					55B0AFD32F9F675F006E43AF = {
						CreatedOnToolsVersion = 26.3;
					};
					55B0AFDD2F9F675F006E43AF = {
						CreatedOnToolsVersion = 26.3;
						TestTargetID = 55B0AFC62F9F675E006E43AF;
					};
				};
			};
			buildConfigurationList = 55B0AFC22F9F675E006E43AF /* Build configuration list for PBXProject "FeatureMyPageCI" */;
			developmentRegion = en;
			hasScannedForEncodings = 0;
			knownRegions = (
				en,
				Base,
			);
			mainGroup = 55B0AFBE2F9F675E006E43AF;
			minimizedProjectReferenceProxies = 1;
			packageReferences = (
				55B0AFF12F9F678E006E43AF /* XCLocalSwiftPackageReference "../../FeatureMyPage" */,
			);
			preferredProjectObjectVersion = 77;
			productRefGroup = 55B0AFC82F9F675E006E43AF /* Products */;
			projectDirPath = "";
			projectRoot = "";
			targets = (
				55B0AFC62F9F675E006E43AF /* FeatureMyPageCI */,
				55B0AFD32F9F675F006E43AF /* FeatureMyPageCITests */,
				55B0AFDD2F9F675F006E43AF /* FeatureMyPageCIUITests */,
			);
		};
/* End PBXProject section */

/* Begin PBXResourcesBuildPhase section */
		55B0AFC52F9F675E006E43AF /* Resources */ = {
			isa = PBXResourcesBuildPhase;
			buildActionMask = 2147483647;
			files = (
			);
			runOnlyForDeploymentPostprocessing = 0;
		};
		55B0AFD22F9F675F006E43AF /* Resources */ = {
			isa = PBXResourcesBuildPhase;
			buildActionMask = 2147483647;
			files = (
			);
			runOnlyForDeploymentPostprocessing = 0;
		};
		55B0AFDC2F9F675F006E43AF /* Resources */ = {
			isa = PBXResourcesBuildPhase;
			buildActionMask = 2147483647;
			files = (
			);
			runOnlyForDeploymentPostprocessing = 0;
		};
/* End PBXResourcesBuildPhase section */

/* Begin PBXSourcesBuildPhase section */
		55B0AFC32F9F675E006E43AF /* Sources */ = {
			isa = PBXSourcesBuildPhase;
			buildActionMask = 2147483647;
			files = (
			);
			runOnlyForDeploymentPostprocessing = 0;
		};
		55B0AFD02F9F675F006E43AF /* Sources */ = {
			isa = PBXSourcesBuildPhase;
			buildActionMask = 2147483647;
			files = (
			);
			runOnlyForDeploymentPostprocessing = 0;
		};
		55B0AFDA2F9F675F006E43AF /* Sources */ = {
			isa = PBXSourcesBuildPhase;
			buildActionMask = 2147483647;
			files = (
			);
			runOnlyForDeploymentPostprocessing = 0;
		};
/* End PBXSourcesBuildPhase section */

/* Begin PBXTargetDependency section */
		55B0AFE02F9F675F006E43AF /* PBXTargetDependency */ = {
			isa = PBXTargetDependency;
			target = 55B0AFC62F9F675E006E43AF /* FeatureMyPageCI */;
			targetProxy = 55B0AFDF2F9F675F006E43AF /* PBXContainerItemProxy */;
		};
/* End PBXTargetDependency section */

/* Begin XCBuildConfiguration section */
		55B0AFE62F9F675F006E43AF /* Debug */ = {
			isa = XCBuildConfiguration;
			buildSettings = {
				ALWAYS_SEARCH_USER_PATHS = NO;
				ASSETCATALOG_COMPILER_GENERATE_SWIFT_ASSET_SYMBOL_EXTENSIONS = YES;
				CLANG_ANALYZER_NONNULL = YES;
				CLANG_ANALYZER_NUMBER_OBJECT_CONVERSION = YES_AGGRESSIVE;
				CLANG_CXX_LANGUAGE_STANDARD = "gnu++20";
				CLANG_ENABLE_MODULES = YES;
				CLANG_ENABLE_OBJC_ARC = YES;
				CLANG_ENABLE_OBJC_WEAK = YES;
				CLANG_WARN_BLOCK_CAPTURE_AUTORELEASING = YES;
				CLANG_WARN_BOOL_CONVERSION = YES;
				CLANG_WARN_COMMA = YES;
				CLANG_WARN_CONSTANT_CONVERSION = YES;
				CLANG_WARN_DEPRECATED_OBJC_IMPLEMENTATIONS = YES;
				CLANG_WARN_DIRECT_OBJC_ISA_USAGE = YES_ERROR;
				CLANG_WARN_DOCUMENTATION_COMMENTS = YES;
				CLANG_WARN_EMPTY_BODY = YES;
				CLANG_WARN_ENUM_CONVERSION = YES;
				CLANG_WARN_INFINITE_RECURSION = YES;
				CLANG_WARN_INT_CONVERSION = YES;
				CLANG_WARN_NON_LITERAL_NULL_CONVERSION = YES;
				CLANG_WARN_OBJC_IMPLICIT_RETAIN_SELF = YES;
				CLANG_WARN_OBJC_LITERAL_CONVERSION = YES;
				CLANG_WARN_OBJC_ROOT_CLASS = YES_ERROR;
				CLANG_WARN_QUOTED_INCLUDE_IN_FRAMEWORK_HEADER = YES;
				CLANG_WARN_RANGE_LOOP_ANALYSIS = YES;
				CLANG_WARN_STRICT_PROTOTYPES = YES;
				CLANG_WARN_SUSPICIOUS_MOVE = YES;
				CLANG_WARN_UNGUARDED_AVAILABILITY = YES_AGGRESSIVE;
				CLANG_WARN_UNREACHABLE_CODE = YES;
				CLANG_WARN__DUPLICATE_METHOD_MATCH = YES;
				COPY_PHASE_STRIP = NO;
				DEBUG_INFORMATION_FORMAT = dwarf;
				ENABLE_STRICT_OBJC_MSGSEND = YES;
				ENABLE_TESTABILITY = YES;
				ENABLE_USER_SCRIPT_SANDBOXING = YES;
				GCC_C_LANGUAGE_STANDARD = gnu17;
				GCC_DYNAMIC_NO_PIC = NO;
				GCC_NO_COMMON_BLOCKS = YES;
				GCC_OPTIMIZATION_LEVEL = 0;
				GCC_PREPROCESSOR_DEFINITIONS = (
					"DEBUG=1",
					"$(inherited)",
				);
				GCC_WARN_64_TO_32_BIT_CONVERSION = YES;
				GCC_WARN_ABOUT_RETURN_TYPE = YES_ERROR;
				GCC_WARN_UNDECLARED_SELECTOR = YES;
				GCC_WARN_UNINITIALIZED_AUTOS = YES_AGGRESSIVE;
				GCC_WARN_UNUSED_FUNCTION = YES;
				GCC_WARN_UNUSED_VARIABLE = YES;
				IPHONEOS_DEPLOYMENT_TARGET = 26.2;
				LOCALIZATION_PREFERS_STRING_CATALOGS = YES;
				MTL_ENABLE_DEBUG_INFO = INCLUDE_SOURCE;
				MTL_FAST_MATH = YES;
				ONLY_ACTIVE_ARCH = YES;
				SDKROOT = iphoneos;
				SWIFT_ACTIVE_COMPILATION_CONDITIONS = "DEBUG $(inherited)";
				SWIFT_OPTIMIZATION_LEVEL = "-Onone";
			};
			name = Debug;
		};
		55B0AFE72F9F675F006E43AF /* Release */ = {
			isa = XCBuildConfiguration;
			buildSettings = {
				ALWAYS_SEARCH_USER_PATHS = NO;
				ASSETCATALOG_COMPILER_GENERATE_SWIFT_ASSET_SYMBOL_EXTENSIONS = YES;
				CLANG_ANALYZER_NONNULL = YES;
				CLANG_ANALYZER_NUMBER_OBJECT_CONVERSION = YES_AGGRESSIVE;
				CLANG_CXX_LANGUAGE_STANDARD = "gnu++20";
				CLANG_ENABLE_MODULES = YES;
				CLANG_ENABLE_OBJC_ARC = YES;
				CLANG_ENABLE_OBJC_WEAK = YES;
				CLANG_WARN_BLOCK_CAPTURE_AUTORELEASING = YES;
				CLANG_WARN_BOOL_CONVERSION = YES;
				CLANG_WARN_COMMA = YES;
				CLANG_WARN_CONSTANT_CONVERSION = YES;
				CLANG_WARN_DEPRECATED_OBJC_IMPLEMENTATIONS = YES;
				CLANG_WARN_DIRECT_OBJC_ISA_USAGE = YES_ERROR;
				CLANG_WARN_DOCUMENTATION_COMMENTS = YES;
				CLANG_WARN_EMPTY_BODY = YES;
				CLANG_WARN_ENUM_CONVERSION = YES;
				CLANG_WARN_INFINITE_RECURSION = YES;
				CLANG_WARN_INT_CONVERSION = YES;
				CLANG_WARN_NON_LITERAL_NULL_CONVERSION = YES;
				CLANG_WARN_OBJC_IMPLICIT_RETAIN_SELF = YES;
				CLANG_WARN_OBJC_LITERAL_CONVERSION = YES;
				CLANG_WARN_OBJC_ROOT_CLASS = YES_ERROR;
				CLANG_WARN_QUOTED_INCLUDE_IN_FRAMEWORK_HEADER = YES;
				CLANG_WARN_RANGE_LOOP_ANALYSIS = YES;
				CLANG_WARN_STRICT_PROTOTYPES = YES;
				CLANG_WARN_SUSPICIOUS_MOVE = YES;
				CLANG_WARN_UNGUARDED_AVAILABILITY = YES_AGGRESSIVE;
				CLANG_WARN_UNREACHABLE_CODE = YES;
				CLANG_WARN__DUPLICATE_METHOD_MATCH = YES;
				COPY_PHASE_STRIP = NO;
				DEBUG_INFORMATION_FORMAT = "dwarf-with-dsym";
				ENABLE_NS_ASSERTIONS = NO;
				ENABLE_STRICT_OBJC_MSGSEND = YES;
				ENABLE_USER_SCRIPT_SANDBOXING = YES;
				GCC_C_LANGUAGE_STANDARD = gnu17;
				GCC_NO_COMMON_BLOCKS = YES;
				GCC_WARN_64_TO_32_BIT_CONVERSION = YES;
				GCC_WARN_ABOUT_RETURN_TYPE = YES_ERROR;
				GCC_WARN_UNDECLARED_SELECTOR = YES;
				GCC_WARN_UNINITIALIZED_AUTOS = YES_AGGRESSIVE;
				GCC_WARN_UNUSED_FUNCTION = YES;
				GCC_WARN_UNUSED_VARIABLE = YES;
				IPHONEOS_DEPLOYMENT_TARGET = 26.2;
				LOCALIZATION_PREFERS_STRING_CATALOGS = YES;
				MTL_ENABLE_DEBUG_INFO = NO;
				MTL_FAST_MATH = YES;
				SDKROOT = iphoneos;
				SWIFT_COMPILATION_MODE = wholemodule;
				VALIDATE_PRODUCT = YES;
			};
			name = Release;
		};
		55B0AFE92F9F675F006E43AF /* Debug */ = {
			isa = XCBuildConfiguration;
			buildSettings = {
				ASSETCATALOG_COMPILER_APPICON_NAME = AppIcon;
				ASSETCATALOG_COMPILER_GLOBAL_ACCENT_COLOR_NAME = AccentColor;
				CODE_SIGN_STYLE = Automatic;
				CURRENT_PROJECT_VERSION = 1;
				ENABLE_PREVIEWS = YES;
				GENERATE_INFOPLIST_FILE = YES;
				INFOPLIST_KEY_UIApplicationSceneManifest_Generation = YES;
				INFOPLIST_KEY_UIApplicationSupportsIndirectInputEvents = YES;
				INFOPLIST_KEY_UILaunchScreen_Generation = YES;
				INFOPLIST_KEY_UISupportedInterfaceOrientations_iPad = "UIInterfaceOrientationPortrait UIInterfaceOrientationPortraitUpsideDown UIInterfaceOrientationLandscapeLeft UIInterfaceOrientationLandscapeRight";
				INFOPLIST_KEY_UISupportedInterfaceOrientations_iPhone = "UIInterfaceOrientationPortrait UIInterfaceOrientationLandscapeLeft UIInterfaceOrientationLandscapeRight";
				LD_RUNPATH_SEARCH_PATHS = (
					"$(inherited)",
					"@executable_path/Frameworks",
				);
				MARKETING_VERSION = 1.0;
				PRODUCT_BUNDLE_IDENTIFIER = com.jch.FeatureMyPageCI;
				PRODUCT_NAME = "$(TARGET_NAME)";
				STRING_CATALOG_GENERATE_SYMBOLS = YES;
				SWIFT_APPROACHABLE_CONCURRENCY = YES;
				SWIFT_DEFAULT_ACTOR_ISOLATION = MainActor;
				SWIFT_EMIT_LOC_STRINGS = YES;
				SWIFT_UPCOMING_FEATURE_MEMBER_IMPORT_VISIBILITY = YES;
				SWIFT_VERSION = 5.0;
				TARGETED_DEVICE_FAMILY = "1,2";
			};
			name = Debug;
		};
		55B0AFEA2F9F675F006E43AF /* Release */ = {
			isa = XCBuildConfiguration;
			buildSettings = {
				ASSETCATALOG_COMPILER_APPICON_NAME = AppIcon;
				ASSETCATALOG_COMPILER_GLOBAL_ACCENT_COLOR_NAME = AccentColor;
				CODE_SIGN_STYLE = Automatic;
				CURRENT_PROJECT_VERSION = 1;
				ENABLE_PREVIEWS = YES;
				GENERATE_INFOPLIST_FILE = YES;
				INFOPLIST_KEY_UIApplicationSceneManifest_Generation = YES;
				INFOPLIST_KEY_UIApplicationSupportsIndirectInputEvents = YES;
				INFOPLIST_KEY_UILaunchScreen_Generation = YES;
				INFOPLIST_KEY_UISupportedInterfaceOrientations_iPad = "UIInterfaceOrientationPortrait UIInterfaceOrientationPortraitUpsideDown UIInterfaceOrientationLandscapeLeft UIInterfaceOrientationLandscapeRight";
				INFOPLIST_KEY_UISupportedInterfaceOrientations_iPhone = "UIInterfaceOrientationPortrait UIInterfaceOrientationLandscapeLeft UIInterfaceOrientationLandscapeRight";
				LD_RUNPATH_SEARCH_PATHS = (
					"$(inherited)",
					"@executable_path/Frameworks",
				);
				MARKETING_VERSION = 1.0;
				PRODUCT_BUNDLE_IDENTIFIER = com.jch.FeatureMyPageCI;
				PRODUCT_NAME = "$(TARGET_NAME)";
				STRING_CATALOG_GENERATE_SYMBOLS = YES;
				SWIFT_APPROACHABLE_CONCURRENCY = YES;
				SWIFT_DEFAULT_ACTOR_ISOLATION = MainActor;
				SWIFT_EMIT_LOC_STRINGS = YES;
				SWIFT_UPCOMING_FEATURE_MEMBER_IMPORT_VISIBILITY = YES;
				SWIFT_VERSION = 5.0;
				TARGETED_DEVICE_FAMILY = "1,2";
			};
			name = Release;
		};
		55B0AFEC2F9F675F006E43AF /* Debug */ = {
			isa = XCBuildConfiguration;
			buildSettings = {
				CODE_SIGN_STYLE = Automatic;
				CURRENT_PROJECT_VERSION = 1;
				GENERATE_INFOPLIST_FILE = YES;
				IPHONEOS_DEPLOYMENT_TARGET = 15.6;
				MARKETING_VERSION = 1.0;
				PRODUCT_BUNDLE_IDENTIFIER = com.jch.FeatureMyPageCITests;
				PRODUCT_NAME = "$(TARGET_NAME)";
				STRING_CATALOG_GENERATE_SYMBOLS = NO;
				SWIFT_APPROACHABLE_CONCURRENCY = YES;
				SWIFT_EMIT_LOC_STRINGS = NO;
				SWIFT_UPCOMING_FEATURE_MEMBER_IMPORT_VISIBILITY = YES;
				SWIFT_VERSION = 5.0;
				TARGETED_DEVICE_FAMILY = "1,2";
			};
			name = Debug;
		};
		55B0AFED2F9F675F006E43AF /* Release */ = {
			isa = XCBuildConfiguration;
			buildSettings = {
				CODE_SIGN_STYLE = Automatic;
				CURRENT_PROJECT_VERSION = 1;
				GENERATE_INFOPLIST_FILE = YES;
				IPHONEOS_DEPLOYMENT_TARGET = 15.6;
				MARKETING_VERSION = 1.0;
				PRODUCT_BUNDLE_IDENTIFIER = com.jch.FeatureMyPageCITests;
				PRODUCT_NAME = "$(TARGET_NAME)";
				STRING_CATALOG_GENERATE_SYMBOLS = NO;
				SWIFT_APPROACHABLE_CONCURRENCY = YES;
				SWIFT_EMIT_LOC_STRINGS = NO;
				SWIFT_UPCOMING_FEATURE_MEMBER_IMPORT_VISIBILITY = YES;
				SWIFT_VERSION = 5.0;
				TARGETED_DEVICE_FAMILY = "1,2";
			};
			name = Release;
		};
		55B0AFEF2F9F675F006E43AF /* Debug */ = {
			isa = XCBuildConfiguration;
			buildSettings = {
				CODE_SIGN_STYLE = Automatic;
				CURRENT_PROJECT_VERSION = 1;
				GENERATE_INFOPLIST_FILE = YES;
				MARKETING_VERSION = 1.0;
				PRODUCT_BUNDLE_IDENTIFIER = com.jch.FeatureMyPageCIUITests;
				PRODUCT_NAME = "$(TARGET_NAME)";
				STRING_CATALOG_GENERATE_SYMBOLS = NO;
				SWIFT_APPROACHABLE_CONCURRENCY = YES;
				SWIFT_EMIT_LOC_STRINGS = NO;
				SWIFT_UPCOMING_FEATURE_MEMBER_IMPORT_VISIBILITY = YES;
				SWIFT_VERSION = 5.0;
				TARGETED_DEVICE_FAMILY = "1,2";
				TEST_TARGET_NAME = FeatureMyPageCI;
			};
			name = Debug;
		};
		55B0AFF02F9F675F006E43AF /* Release */ = {
			isa = XCBuildConfiguration;
			buildSettings = {
				CODE_SIGN_STYLE = Automatic;
				CURRENT_PROJECT_VERSION = 1;
				GENERATE_INFOPLIST_FILE = YES;
				MARKETING_VERSION = 1.0;
				PRODUCT_BUNDLE_IDENTIFIER = com.jch.FeatureMyPageCIUITests;
				PRODUCT_NAME = "$(TARGET_NAME)";
				STRING_CATALOG_GENERATE_SYMBOLS = NO;
				SWIFT_APPROACHABLE_CONCURRENCY = YES;
				SWIFT_EMIT_LOC_STRINGS = NO;
				SWIFT_UPCOMING_FEATURE_MEMBER_IMPORT_VISIBILITY = YES;
				SWIFT_VERSION = 5.0;
				TARGETED_DEVICE_FAMILY = "1,2";
				TEST_TARGET_NAME = FeatureMyPageCI;
			};
			name = Release;
		};
/* End XCBuildConfiguration section */

/* Begin XCConfigurationList section */
		55B0AFC22F9F675E006E43AF /* Build configuration list for PBXProject "FeatureMyPageCI" */ = {
			isa = XCConfigurationList;
			buildConfigurations = (
				55B0AFE62F9F675F006E43AF /* Debug */,
				55B0AFE72F9F675F006E43AF /* Release */,
			);
			defaultConfigurationIsVisible = 0;
			defaultConfigurationName = Release;
		};
		55B0AFE82F9F675F006E43AF /* Build configuration list for PBXNativeTarget "FeatureMyPageCI" */ = {
			isa = XCConfigurationList;
			buildConfigurations = (
				55B0AFE92F9F675F006E43AF /* Debug */,
				55B0AFEA2F9F675F006E43AF /* Release */,
			);
			defaultConfigurationIsVisible = 0;
			defaultConfigurationName = Release;
		};
		55B0AFEB2F9F675F006E43AF /* Build configuration list for PBXNativeTarget "FeatureMyPageCITests" */ = {
			isa = XCConfigurationList;
			buildConfigurations = (
				55B0AFEC2F9F675F006E43AF /* Debug */,
				55B0AFED2F9F675F006E43AF /* Release */,
			);
			defaultConfigurationIsVisible = 0;
			defaultConfigurationName = Release;
		};
		55B0AFEE2F9F675F006E43AF /* Build configuration list for PBXNativeTarget "FeatureMyPageCIUITests" */ = {
			isa = XCConfigurationList;
			buildConfigurations = (
				55B0AFEF2F9F675F006E43AF /* Debug */,
				55B0AFF02F9F675F006E43AF /* Release */,
			);
			defaultConfigurationIsVisible = 0;
			defaultConfigurationName = Release;
		};
/* End XCConfigurationList section */

/* Begin XCLocalSwiftPackageReference section */
		55B0AFF12F9F678E006E43AF /* XCLocalSwiftPackageReference "../../FeatureMyPage" */ = {
			isa = XCLocalSwiftPackageReference;
			relativePath = ../../FeatureMyPage;
		};
/* End XCLocalSwiftPackageReference section */

/* Begin XCSwiftPackageProductDependency section */
		55B0AFF22F9F678E006E43AF /* FeatureMyPage */ = {
			isa = XCSwiftPackageProductDependency;
			productName = FeatureMyPage;
		};
/* End XCSwiftPackageProductDependency section */
	};
	rootObject = 55B0AFBF2F9F675E006E43AF /* Project object */;
}
